
Microsoft Visual Studio Solution File, Format Version 12.00
# Visual Studio Version 17
VisualStudioVersion = 17.12.35707.178 d17.12
MinimumVisualStudioVersion = 10.0.40219.1
Project("{FAE04EC0-301F-11D3-BF4B-00C04F79EFBC}") = "AidCare.Api", "AidCare.Api\AidCare.Api.csproj", "{1D43DA3B-B9F0-4DDA-9906-7081A6E3FFE9}"
EndProject
Project("{FAE04EC0-301F-11D3-BF4B-00C04F79EFBC}") = "AidCare.Business", "AidCare.Business\AidCare.Business.csproj", "{BD5A73A3-FE78-459D-95C9-0EB9779D5EDD}"
EndProject
Project("{FAE04EC0-301F-11D3-BF4B-00C04F79EFBC}") = "AidCare.DataAccess", "AidCare.DataAccess\AidCare.DataAccess.csproj", "{7B0988E7-7C09-45F0-8A63-CF503EB2928C}"
EndProject
Project("{FAE04EC0-301F-11D3-BF4B-00C04F79EFBC}") = "AidCare.Entities", "AidCare.Entities\AidCare.Entities.csproj", "{04182FCB-6C50-4145-AFEC-97760A26FF72}"
EndProject
Global
	GlobalSection(SolutionConfigurationPlatforms) = preSolution
		Debug|Any CPU = Debug|Any CPU
		Release|Any CPU = Release|Any CPU
	EndGlobalSection
	GlobalSection(ProjectConfigurationPlatforms) = postSolution
		{1D43DA3B-B9F0-4DDA-9906-7081A6E3FFE9}.Debug|Any CPU.ActiveCfg = Debug|Any CPU
		{1D43DA3B-B9F0-4DDA-9906-7081A6E3FFE9}.Debug|Any CPU.Build.0 = Debug|Any CPU
		{1D43DA3B-B9F0-4DDA-9906-7081A6E3FFE9}.Release|Any CPU.ActiveCfg = Release|Any CPU
		{1D43DA3B-B9F0-4DDA-9906-7081A6E3FFE9}.Release|Any CPU.Build.0 = Release|Any CPU
		{BD5A73A3-FE78-459D-95C9-0EB9779D5EDD}.Debug|Any CPU.ActiveCfg = Debug|Any CPU
		{BD5A73A3-FE78-459D-95C9-0EB9779D5EDD}.Debug|Any CPU.Build.0 = Debug|Any CPU
		{BD5A73A3-FE78-459D-95C9-0EB9779D5EDD}.Release|Any CPU.ActiveCfg = Release|Any CPU
		{BD5A73A3-FE78-459D-95C9-0EB9779D5EDD}.Release|Any CPU.Build.0 = Release|Any CPU
		{7B0988E7-7C09-45F0-8A63-CF503EB2928C}.Debug|Any CPU.ActiveCfg = Debug|Any CPU
		{7B0988E7-7C09-45F0-8A63-CF503EB2928C}.Debug|Any CPU.Build.0 = Debug|Any CPU
		{7B0988E7-7C09-45F0-8A63-CF503EB2928C}.Release|Any CPU.ActiveCfg = Release|Any CPU
		{7B0988E7-7C09-45F0-8A63-CF503EB2928C}.Release|Any CPU.Build.0 = Release|Any CPU
		{04182FCB-6C50-4145-AFEC-97760A26FF72}.Debug|Any CPU.ActiveCfg = Debug|Any CPU
		{04182FCB-6C50-4145-AFEC-97760A26FF72}.Debug|Any CPU.Build.0 = Debug|Any CPU
		{04182FCB-6C50-4145-AFEC-97760A26FF72}.Release|Any CPU.ActiveCfg = Release|Any CPU
		{04182FCB-6C50-4145-AFEC-97760A26FF72}.Release|Any CPU.Build.0 = Release|Any CPU
	EndGlobalSection
	GlobalSection(SolutionProperties) = preSolution
		HideSolutionNode = FALSE
	EndGlobalSection
EndGlobal
